{
  "nodes": {
    "crane": {
      "locked": {
        "lastModified": 1739936662,
        "narHash": "sha256-x4syUjNUuRblR07nDPeLDP7DpphaBVbUaSoeZkFbGSk=",
        "owner": "ipetkov",
        "repo": "crane",
        "rev": "19de14aaeb869287647d9461cbd389187d8ecdb7",
        "type": "github"
      },
      "original": {
        "owner": "ipetkov",
        "repo": "crane",
        "type": "github"
      }
    },
    "flake-parts": {
      "inputs": {
        "nixpkgs-lib": [
          "nixvim",
          "nixpkgs"
        ]
      },
      "locked": {
        "lastModified": 1743550720,
        "narHash": "sha256-hIshGgKZCgWh6AYJpJmRgFdR3WUbkY04o82X05xqQiY=",
        "owner": "hercules-ci",
        "repo": "flake-parts",
        "rev": "c621e8422220273271f52058f618c94e405bb0f5",
        "type": "github"
      },
      "original": {
        "owner": "hercules-ci",
        "repo": "flake-parts",
        "type": "github"
      }
    },
    "flake-utils": {
      "inputs": {
        "systems": "systems"
      },
      "locked": {
        "lastModified": 1731533236,
        "narHash": "sha256-l0KFg5HjrsfsO/JpG+r7fRrqm12kzFHyUHqHCVpMMbI=",
        "owner": "numtide",
        "repo": "flake-utils",
        "rev": "11707dc2f618dd54ca8739b309ec4fc024de578b",
        "type": "github"
      },
      "original": {
        "owner": "numtide",
        "repo": "flake-utils",
        "type": "github"
      }
    },
    "flake-utils_2": {
      "inputs": {
        "systems": "systems_3"
      },
      "locked": {
        "lastModified": 1731533236,
        "narHash": "sha256-l0KFg5HjrsfsO/JpG+r7fRrqm12kzFHyUHqHCVpMMbI=",
        "owner": "numtide",
        "repo": "flake-utils",
        "rev": "11707dc2f618dd54ca8739b309ec4fc024de578b",
        "type": "github"
      },
      "original": {
        "owner": "numtide",
        "repo": "flake-utils",
        "type": "github"
      }
    },
    "home-manager": {
      "inputs": {
        "nixpkgs": [
          "nixpkgs"
        ]
      },
      "locked": {
        "lastModified": 1747021744,
        "narHash": "sha256-IDsM/9/tHQBlhG3tXI2fTM84AUN1uRa7JDPT1LMlGes=",
        "owner": "nix-community",
        "repo": "home-manager",
        "rev": "fb061f555f821fe4fb49f8f6f2a0cc3d5728bd52",
        "type": "github"
      },
      "original": {
        "owner": "nix-community",
        "repo": "home-manager",
        "type": "github"
      }
    },
    "ixx": {
      "inputs": {
        "flake-utils": [
          "nixvim",
          "nuschtosSearch",
          "flake-utils"
        ],
        "nixpkgs": [
          "nixvim",
          "nuschtosSearch",
          "nixpkgs"
        ]
      },
      "locked": {
        "lastModified": 1737371634,
        "narHash": "sha256-fTVAWzT1UMm1lT+YxHuVPtH+DATrhYfea3B0MxG/cGw=",
        "owner": "NuschtOS",
        "repo": "ixx",
        "rev": "a1176e2a10ce745ff8f63e4af124ece8fe0b1648",
        "type": "github"
      },
      "original": {
        "owner": "NuschtOS",
        "ref": "v0.0.7",
        "repo": "ixx",
        "type": "github"
      }
    },
    "niri": {
      "inputs": {
        "niri-stable": "niri-stable",
        "niri-unstable": "niri-unstable",
        "nixpkgs": "nixpkgs",
        "nixpkgs-stable": "nixpkgs-stable",
        "xwayland-satellite-stable": "xwayland-satellite-stable",
        "xwayland-satellite-unstable": "xwayland-satellite-unstable"
      },
      "locked": {
        "lastModified": 1747055269,
        "narHash": "sha256-c1NBnpBj7PpcW4Pz4niMqVl2UgsPwOt7xF15cSyNVpE=",
        "owner": "sodiboo",
        "repo": "niri-flake",
        "rev": "dde1f313e068a7171b685fdf4ef399f10343037c",
        "type": "github"
      },
      "original": {
        "owner": "sodiboo",
        "repo": "niri-flake",
        "type": "github"
      }
    },
    "niri-stable": {
      "flake": false,
      "locked": {
        "lastModified": 1740117926,
        "narHash": "sha256-mTTHA0RAaQcdYe+9A3Jx77cmmyLFHmRoZdd8RpWa+m8=",
        "owner": "YaLTeR",
        "repo": "niri",
        "rev": "b94a5db8790339cf9134873d8b490be69e02ac71",
        "type": "github"
      },
      "original": {
        "owner": "YaLTeR",
        "ref": "v25.02",
        "repo": "niri",
        "type": "github"
      }
    },
    "niri-unstable": {
      "flake": false,
      "locked": {
        "lastModified": 1747048431,
        "narHash": "sha256-JdvI6LBy7RSyTsIauqMZcxWQxyD+EKL2FQ3pymMvc1k=",
        "owner": "YaLTeR",
        "repo": "niri",
        "rev": "defd4c5c4db8b22b2a5db468c0618c37b30e95dd",
        "type": "github"
      },
      "original": {
        "owner": "YaLTeR",
        "repo": "niri",
        "type": "github"
      }
    },
    "nixpkgs": {
      "locked": {
        "lastModified": 1746904237,
        "narHash": "sha256-3e+AVBczosP5dCLQmMoMEogM57gmZ2qrVSrmq9aResQ=",
        "owner": "NixOS",
        "repo": "nixpkgs",
        "rev": "d89fc19e405cb2d55ce7cc114356846a0ee5e956",
        "type": "github"
      },
      "original": {
        "owner": "NixOS",
        "ref": "nixos-unstable",
        "repo": "nixpkgs",
        "type": "github"
      }
    },
    "nixpkgs-stable": {
      "locked": {
        "lastModified": 1746810718,
        "narHash": "sha256-VljtYzyttmvkWUKTVJVW93qAsJsrBbgAzy7DdnJaQfI=",
        "owner": "NixOS",
        "repo": "nixpkgs",
        "rev": "0c0bf9c057382d5f6f63d54fd61f1abd5e1c2f63",
        "type": "github"
      },
      "original": {
        "owner": "NixOS",
        "ref": "nixos-24.11",
        "repo": "nixpkgs",
        "type": "github"
      }
    },
    "nixpkgs_2": {
      "locked": {
        "lastModified": 1746904237,
        "narHash": "sha256-3e+AVBczosP5dCLQmMoMEogM57gmZ2qrVSrmq9aResQ=",
        "owner": "NixOS",
        "repo": "nixpkgs",
        "rev": "d89fc19e405cb2d55ce7cc114356846a0ee5e956",
        "type": "github"
      },
      "original": {
        "owner": "NixOS",
        "ref": "nixos-unstable",
        "repo": "nixpkgs",
        "type": "github"
      }
    },
    "nixpkgs_3": {
      "locked": {
        "lastModified": 1746576598,
        "narHash": "sha256-FshoQvr6Aor5SnORVvh/ZdJ1Sa2U4ZrIMwKBX5k2wu0=",
        "owner": "NixOS",
        "repo": "nixpkgs",
        "rev": "b3582c75c7f21ce0b429898980eddbbf05c68e55",
        "type": "github"
      },
      "original": {
        "owner": "NixOS",
        "ref": "nixpkgs-unstable",
        "repo": "nixpkgs",
        "type": "github"
      }
    },
    "nixpkgs_4": {
      "locked": {
        "lastModified": 1740303746,
        "narHash": "sha256-XcdiWLEhjJkMxDLKQJ0CCivmYYCvA5MDxu9pMybM5kM=",
        "owner": "NixOS",
        "repo": "nixpkgs",
        "rev": "2d068ae5c6516b2d04562de50a58c682540de9bf",
        "type": "github"
      },
      "original": {
        "owner": "NixOS",
        "ref": "nixpkgs-unstable",
        "repo": "nixpkgs",
        "type": "github"
      }
    },
    "nixvim": {
      "inputs": {
        "flake-parts": "flake-parts",
        "nixpkgs": "nixpkgs_3",
        "nuschtosSearch": "nuschtosSearch",
        "systems": "systems_2"
      },
      "locked": {
        "lastModified": 1747060741,
        "narHash": "sha256-MMzdz+LvteHPJc4CH6t/g/ZlzyNxPH1XNddpTt3v+6U=",
        "owner": "nix-community",
        "repo": "nixvim",
        "rev": "49a7bb573aa44b8464e28b1f06720f26e87c03b5",
        "type": "github"
      },
      "original": {
        "owner": "nix-community",
        "repo": "nixvim",
        "type": "github"
      }
    },
    "nuschtosSearch": {
      "inputs": {
        "flake-utils": "flake-utils",
        "ixx": "ixx",
        "nixpkgs": [
          "nixvim",
          "nixpkgs"
        ]
      },
      "locked": {
        "lastModified": 1745046075,
        "narHash": "sha256-8v4y6k16Ra/fiecb4DxhsoOGtzLKgKlS+9/XJ9z0T2I=",
        "owner": "NuschtOS",
        "repo": "search",
        "rev": "066afe8643274470f4a294442aadd988356a478f",
        "type": "github"
      },
      "original": {
        "owner": "NuschtOS",
        "repo": "search",
        "type": "github"
      }
    },
    "ps3dec": {
      "inputs": {
        "crane": "crane",
        "flake-utils": "flake-utils_2",
        "nixpkgs": "nixpkgs_4"
      },
      "locked": {
        "lastModified": 1740381532,
        "narHash": "sha256-QvvObJ4nACFW1ouKB0H1pq8p1Wtq+I2zqe7QbC26h8E=",
        "owner": "i-am-wololo",
        "repo": "ps3dec",
        "rev": "e4f2aa59b671c8cdadaccbf5f84b37c982ae72fc",
        "type": "github"
      },
      "original": {
        "owner": "i-am-wololo",
        "repo": "ps3dec",
        "type": "github"
      }
    },
    "root": {
      "inputs": {
        "home-manager": "home-manager",
        "niri": "niri",
        "nixpkgs": "nixpkgs_2",
        "nixvim": "nixvim",
        "ps3dec": "ps3dec",
        "stable": "stable"
      }
    },
    "stable": {
      "locked": {
        "lastModified": 1746957726,
        "narHash": "sha256-k9ut1LSfHCr0AW82ttEQzXVCqmyWVA5+SHJkS5ID/Jo=",
        "owner": "NixOS",
        "repo": "nixpkgs",
        "rev": "a39ed32a651fdee6842ec930761e31d1f242cb94",
        "type": "github"
      },
      "original": {
        "owner": "NixOS",
        "ref": "nixos-24.11",
        "repo": "nixpkgs",
        "type": "github"
      }
    },
    "systems": {
      "locked": {
        "lastModified": 1681028828,
        "narHash": "sha256-Vy1rq5AaRuLzOxct8nz4T6wlgyUR7zLU309k9mBC768=",
        "owner": "nix-systems",
        "repo": "default",
        "rev": "da67096a3b9bf56a91d16901293e51ba5b49a27e",
        "type": "github"
      },
      "original": {
        "owner": "nix-systems",
        "repo": "default",
        "type": "github"
      }
    },
    "systems_2": {
      "locked": {
        "lastModified": 1681028828,
        "narHash": "sha256-Vy1rq5AaRuLzOxct8nz4T6wlgyUR7zLU309k9mBC768=",
        "owner": "nix-systems",
        "repo": "default",
        "rev": "da67096a3b9bf56a91d16901293e51ba5b49a27e",
        "type": "github"
      },
      "original": {
        "owner": "nix-systems",
        "repo": "default",
        "type": "github"
      }
    },
    "systems_3": {
      "locked": {
        "lastModified": 1681028828,
        "narHash": "sha256-Vy1rq5AaRuLzOxct8nz4T6wlgyUR7zLU309k9mBC768=",
        "owner": "nix-systems",
        "repo": "default",
        "rev": "da67096a3b9bf56a91d16901293e51ba5b49a27e",
        "type": "github"
      },
      "original": {
        "owner": "nix-systems",
        "repo": "default",
        "type": "github"
      }
    },
    "xwayland-satellite-stable": {
      "flake": false,
      "locked": {
        "lastModified": 1739246919,
        "narHash": "sha256-/hBM43/Gd0/tW+egrhlWgOIISeJxEs2uAOIYVpfDKeU=",
        "owner": "Supreeeme",
        "repo": "xwayland-satellite",
        "rev": "44590a416d4a3e8220e19e29e0b6efe64a80315d",
        "type": "github"
      },
      "original": {
        "owner": "Supreeeme",
        "ref": "v0.5.1",
        "repo": "xwayland-satellite",
        "type": "github"
      }
    },
    "xwayland-satellite-unstable": {
      "flake": false,
      "locked": {
        "lastModified": 1746978389,
        "narHash": "sha256-X2iAGQm5pheZ4VRnGCik4laxB6hyJh1i5cexGyis3oo=",
        "owner": "Supreeeme",
        "repo": "xwayland-satellite",
        "rev": "51300780f84cb61d04a3c469099c758461b2a816",
        "type": "github"
      },
      "original": {
        "owner": "Supreeeme",
        "repo": "xwayland-satellite",
        "type": "github"
      }
    }
  },
  "root": "root",
  "version": 7
}
